// !$*UTF8*$!
{
	archiveVersion = 1;
	classes = {
	};
	objectVersion = 46;
	objects = {

/* Begin PBXBuildFile section */
		7DFFC2B0202EAA5500743466 /* main.m in Sources */ = {isa = PBXBuildFile; fileRef = 7DFFC2AF202EAA5500743466 /* main.m */; };
		7DFFC2B3202EAA5500743466 /* AppDelegate.m in Sources */ = {isa = PBXBuildFile; fileRef = 7DFFC2B2202EAA5500743466 /* AppDelegate.m */; };
		7DFFC2B6202EAA5500743466 /* ViewController.m in Sources */ = {isa = PBXBuildFile; fileRef = 7DFFC2B5202EAA5500743466 /* ViewController.m */; };
		7DFFC2B9202EAA5500743466 /* Main.storyboard in Resources */ = {isa = PBXBuildFile; fileRef = 7DFFC2B7202EAA5500743466 /* Main.storyboard */; };
		7DFFC2BB202EAA5500743466 /* Assets.xcassets in Resources */ = {isa = PBXBuildFile; fileRef = 7DFFC2BA202EAA5500743466 /* Assets.xcassets */; };
		7DFFC2BE202EAA5500743466 /* LaunchScreen.storyboard in Resources */ = {isa = PBXBuildFile; fileRef = 7DFFC2BC202EAA5500743466 /* LaunchScreen.storyboard */; };
		7DFFC2C9202EAA5500743466 /* GitcoverTests.m in Sources */ = {isa = PBXBuildFile; fileRef = 7DFFC2C8202EAA5500743466 /* GitcoverTests.m */; };
		7DFFC2D4202EAA5500743466 /* GitcoverUITests.m in Sources */ = {isa = PBXBuildFile; fileRef = 7DFFC2D3202EAA5500743466 /* GitcoverUITests.m */; };
		7DFFC2E5202EB8F300743466 /* PhotoViewController.m in Sources */ = {isa = PBXBuildFile; fileRef = 7DFFC2E3202EB8F300743466 /* PhotoViewController.m */; };
		7DFFC2E6202EB8F300743466 /* PhotoViewController.xib in Resources */ = {isa = PBXBuildFile; fileRef = 7DFFC2E4202EB8F300743466 /* PhotoViewController.xib */; };
		7DFFC2EC202EB97200743466 /* MineTableViewController.m in Sources */ = {isa = PBXBuildFile; fileRef = 7DFFC2EA202EB97200743466 /* MineTableViewController.m */; };
		7DFFC2ED202EB97200743466 /* MineTableViewController.xib in Resources */ = {isa = PBXBuildFile; fileRef = 7DFFC2EB202EB97200743466 /* MineTableViewController.xib */; };
/* End PBXBuildFile section */

/* Begin PBXContainerItemProxy section */
		7DFFC2C5202EAA5500743466 /* PBXContainerItemProxy */ = {
			isa = PBXContainerItemProxy;
			containerPortal = 7DFFC2A3202EAA5400743466 /* Project object */;
			proxyType = 1;
			remoteGlobalIDString = 7DFFC2AA202EAA5400743466;
			remoteInfo = Gitcover;
		};
		7DFFC2D0202EAA5500743466 /* PBXContainerItemProxy */ = {
			isa = PBXContainerItemProxy;
			containerPortal = 7DFFC2A3202EAA5400743466 /* Project object */;
			proxyType = 1;
			remoteGlobalIDString = 7DFFC2AA202EAA5400743466;
			remoteInfo = Gitcover;
		};
/* End PBXContainerItemProxy section */

/* Begin PBXFileReference section */
		7DFFC2AB202EAA5500743466 /* Gitcover.app */ = {isa = PBXFileReference; explicitFileType = wrapper.application; includeInIndex = 0; path = Gitcover.app; sourceTree = BUILT_PRODUCTS_DIR; };
		7DFFC2AF202EAA5500743466 /* main.m */ = {isa = PBXFileReference; lastKnownFileType = sourcecode.c.objc; path = main.m; sourceTree = "<group>"; };
		7DFFC2B1202EAA5500743466 /* AppDelegate.h */ = {isa = PBXFileReference; lastKnownFileType = sourcecode.c.h; path = AppDelegate.h; sourceTree = "<group>"; };
		7DFFC2B2202EAA5500743466 /* AppDelegate.m */ = {isa = PBXFileReference; lastKnownFileType = sourcecode.c.objc; path = AppDelegate.m; sourceTree = "<group>"; };
		7DFFC2B4202EAA5500743466 /* ViewController.h */ = {isa = PBXFileReference; lastKnownFileType = sourcecode.c.h; path = ViewController.h; sourceTree = "<group>"; };
		7DFFC2B5202EAA5500743466 /* ViewController.m */ = {isa = PBXFileReference; lastKnownFileType = sourcecode.c.objc; path = ViewController.m; sourceTree = "<group>"; };
		7DFFC2B8202EAA5500743466 /* Base */ = {isa = PBXFileReference; lastKnownFileType = file.storyboard; name = Base; path = Base.lproj/Main.storyboard; sourceTree = "<group>"; };
		7DFFC2BA202EAA5500743466 /* Assets.xcassets */ = {isa = PBXFileReference; lastKnownFileType = folder.assetcatalog; path = Assets.xcassets; sourceTree = "<group>"; };
		7DFFC2BD202EAA5500743466 /* Base */ = {isa = PBXFileReference; lastKnownFileType = file.storyboard; name = Base; path = Base.lproj/LaunchScreen.storyboard; sourceTree = "<group>"; };
		7DFFC2BF202EAA5500743466 /* Info.plist */ = {isa = PBXFileReference; lastKnownFileType = text.plist.xml; path = Info.plist; sourceTree = "<group>"; };
		7DFFC2C4202EAA5500743466 /* GitcoverTests.xctest */ = {isa = PBXFileReference; explicitFileType = wrapper.cfbundle; includeInIndex = 0; path = GitcoverTests.xctest; sourceTree = BUILT_PRODUCTS_DIR; };
		7DFFC2C8202EAA5500743466 /* GitcoverTests.m */ = {isa = PBXFileReference; lastKnownFileType = sourcecode.c.objc; path = GitcoverTests.m; sourceTree = "<group>"; };
		7DFFC2CA202EAA5500743466 /* Info.plist */ = {isa = PBXFileReference; lastKnownFileType = text.plist.xml; path = Info.plist; sourceTree = "<group>"; };
		7DFFC2CF202EAA5500743466 /* GitcoverUITests.xctest */ = {isa = PBXFileReference; explicitFileType = wrapper.cfbundle; includeInIndex = 0; path = GitcoverUITests.xctest; sourceTree = BUILT_PRODUCTS_DIR; };
		7DFFC2D3202EAA5500743466 /* GitcoverUITests.m */ = {isa = PBXFileReference; lastKnownFileType = sourcecode.c.objc; path = GitcoverUITests.m; sourceTree = "<group>"; };
		7DFFC2D5202EAA5500743466 /* Info.plist */ = {isa = PBXFileReference; lastKnownFileType = text.plist.xml; path = Info.plist; sourceTree = "<group>"; };
		7DFFC2E1202EB8C600743466 /* Header.h */ = {isa = PBXFileReference; lastKnownFileType = sourcecode.c.h; path = Header.h; sourceTree = "<group>"; };
		7DFFC2E2202EB8F300743466 /* PhotoViewController.h */ = {isa = PBXFileReference; fileEncoding = 4; lastKnownFileType = sourcecode.c.h; path = PhotoViewController.h; sourceTree = "<group>"; };
		7DFFC2E3202EB8F300743466 /* PhotoViewController.m */ = {isa = PBXFileReference; fileEncoding = 4; lastKnownFileType = sourcecode.c.objc; path = PhotoViewController.m; sourceTree = "<group>"; };
		7DFFC2E4202EB8F300743466 /* PhotoViewController.xib */ = {isa = PBXFileReference; fileEncoding = 4; lastKnownFileType = file.xib; path = PhotoViewController.xib; sourceTree = "<group>"; };
		7DFFC2E9202EB97200743466 /* MineTableViewController.h */ = {isa = PBXFileReference; fileEncoding = 4; lastKnownFileType = sourcecode.c.h; path = MineTableViewController.h; sourceTree = "<group>"; };
		7DFFC2EA202EB97200743466 /* MineTableViewController.m */ = {isa = PBXFileReference; fileEncoding = 4; lastKnownFileType = sourcecode.c.objc; path = MineTableViewController.m; sourceTree = "<group>"; };
		7DFFC2EB202EB97200743466 /* MineTableViewController.xib */ = {isa = PBXFileReference; fileEncoding = 4; lastKnownFileType = file.xib; path = MineTableViewController.xib; sourceTree = "<group>"; };
/* End PBXFileReference section */

/* Begin PBXFrameworksBuildPhase section */
		7DFFC2A8202EAA5400743466 /* Frameworks */ = {
			isa = PBXFrameworksBuildPhase;
			buildActionMask = 2147483647;
			files = (
			);
			runOnlyForDeploymentPostprocessing = 0;
		};
		7DFFC2C1202EAA5500743466 /* Frameworks */ = {
			isa = PBXFrameworksBuildPhase;
			buildActionMask = 2147483647;
			files = (
			);
			runOnlyForDeploymentPostprocessing = 0;
		};
		7DFFC2CC202EAA5500743466 /* Frameworks */ = {
			isa = PBXFrameworksBuildPhase;
			buildActionMask = 2147483647;
			files = (
			);
			runOnlyForDeploymentPostprocessing = 0;
		};
/* End PBXFrameworksBuildPhase section */

/* Begin PBXGroup section */
		7DFFC2A2202EAA5400743466 = {
			isa = PBXGroup;
			children = (
				7DFFC2AD202EAA5500743466 /* Gitcover */,
				7DFFC2C7202EAA5500743466 /* GitcoverTests */,
				7DFFC2D2202EAA5500743466 /* GitcoverUITests */,
				7DFFC2AC202EAA5500743466 /* Products */,
			);
			sourceTree = "<group>";
		};
		7DFFC2AC202EAA5500743466 /* Products */ = {
			isa = PBXGroup;
			children = (
				7DFFC2AB202EAA5500743466 /* Gitcover.app */,
				7DFFC2C4202EAA5500743466 /* GitcoverTests.xctest */,
				7DFFC2CF202EAA5500743466 /* GitcoverUITests.xctest */,
			);
			name = Products;
			sourceTree = "<group>";
		};
		7DFFC2AD202EAA5500743466 /* Gitcover */ = {
			isa = PBXGroup;
			children = (
				7DFFC2E8202EB94500743466 /* Nav */,
				7DFFC2B1202EAA5500743466 /* AppDelegate.h */,
				7DFFC2B2202EAA5500743466 /* AppDelegate.m */,
				7DFFC2E7202EB90000743466 /* New Group */,
				7DFFC2E1202EB8C600743466 /* Header.h */,
				7DFFC2B4202EAA5500743466 /* ViewController.h */,
				7DFFC2B5202EAA5500743466 /* ViewController.m */,
				7DFFC2B7202EAA5500743466 /* Main.storyboard */,
				7DFFC2BA202EAA5500743466 /* Assets.xcassets */,
				7DFFC2BC202EAA5500743466 /* LaunchScreen.storyboard */,
				7DFFC2BF202EAA5500743466 /* Info.plist */,
				7DFFC2AE202EAA5500743466 /* Supporting Files */,
			);
			path = Gitcover;
			sourceTree = "<group>";
		};
		7DFFC2AE202EAA5500743466 /* Supporting Files */ = {
			isa = PBXGroup;
			children = (
				7DFFC2AF202EAA5500743466 /* main.m */,
			);
			name = "Supporting Files";
			sourceTree = "<group>";
		};
		7DFFC2C7202EAA5500743466 /* GitcoverTests */ = {
			isa = PBXGroup;
			children = (
				7DFFC2C8202EAA5500743466 /* GitcoverTests.m */,
				7DFFC2CA202EAA5500743466 /* Info.plist */,
			);
			path = GitcoverTests;
			sourceTree = "<group>";
		};
		7DFFC2D2202EAA5500743466 /* GitcoverUITests */ = {
			isa = PBXGroup;
			children = (
				7DFFC2D3202EAA5500743466 /* GitcoverUITests.m */,
				7DFFC2D5202EAA5500743466 /* Info.plist */,
			);
			path = GitcoverUITests;
			sourceTree = "<group>";
		};
		7DFFC2E7202EB90000743466 /* New Group */ = {
			isa = PBXGroup;
			children = (
				7DFFC2E2202EB8F300743466 /* PhotoViewController.h */,
				7DFFC2E3202EB8F300743466 /* PhotoViewController.m */,
				7DFFC2E4202EB8F300743466 /* PhotoViewController.xib */,
			);
			name = "New Group";
			sourceTree = "<group>";
		};
		7DFFC2E8202EB94500743466 /* Nav */ = {
			isa = PBXGroup;
			children = (
				7DFFC2E9202EB97200743466 /* MineTableViewController.h */,
				7DFFC2EA202EB97200743466 /* MineTableViewController.m */,
				7DFFC2EB202EB97200743466 /* MineTableViewController.xib */,
			);
			name = Nav;
			sourceTree = "<group>";
		};
/* End PBXGroup section */

/* Begin PBXNativeTarget section */
		7DFFC2AA202EAA5400743466 /* Gitcover */ = {
			isa = PBXNativeTarget;
			buildConfigurationList = 7DFFC2D8202EAA5500743466 /* Build configuration list for PBXNativeTarget "Gitcover" */;
			buildPhases = (
				7DFFC2A7202EAA5400743466 /* Sources */,
				7DFFC2A8202EAA5400743466 /* Frameworks */,
				7DFFC2A9202EAA5400743466 /* Resources */,
			);
			buildRules = (
			);
			dependencies = (
			);
			name = Gitcover;
			productName = Gitcover;
			productReference = 7DFFC2AB202EAA5500743466 /* Gitcover.app */;
			productType = "com.apple.product-type.application";
		};
		7DFFC2C3202EAA5500743466 /* GitcoverTests */ = {
			isa = PBXNativeTarget;
			buildConfigurationList = 7DFFC2DB202EAA5500743466 /* Build configuration list for PBXNativeTarget "GitcoverTests" */;
			buildPhases = (
				7DFFC2C0202EAA5500743466 /* Sources */,
				7DFFC2C1202EAA5500743466 /* Frameworks */,
				7DFFC2C2202EAA5500743466 /* Resources */,
			);
			buildRules = (
			);
			dependencies = (
				7DFFC2C6202EAA5500743466 /* PBXTargetDependency */,
			);
			name = GitcoverTests;
			productName = GitcoverTests;
			productReference = 7DFFC2C4202EAA5500743466 /* GitcoverTests.xctest */;
			productType = "com.apple.product-type.bundle.unit-test";
		};
		7DFFC2CE202EAA5500743466 /* GitcoverUITests */ = {
			isa = PBXNativeTarget;
			buildConfigurationList = 7DFFC2DE202EAA5500743466 /* Build configuration list for PBXNativeTarget "GitcoverUITests" */;
			buildPhases = (
				7DFFC2CB202EAA5500743466 /* Sources */,
				7DFFC2CC202EAA5500743466 /* Frameworks */,
				7DFFC2CD202EAA5500743466 /* Resources */,
			);
			buildRules = (
			);
			dependencies = (
				7DFFC2D1202EAA5500743466 /* PBXTargetDependency */,
			);
			name = GitcoverUITests;
			productName = GitcoverUITests;
			productReference = 7DFFC2CF202EAA5500743466 /* GitcoverUITests.xctest */;
			productType = "com.apple.product-type.bundle.ui-testing";
		};
/* End PBXNativeTarget section */

/* Begin PBXProject section */
		7DFFC2A3202EAA5400743466 /* Project object */ = {
			isa = PBXProject;
			attributes = {
				LastUpgradeCheck = 0800;
				ORGANIZATIONNAME = Gezhao;
				TargetAttributes = {
					7DFFC2AA202EAA5400743466 = {
						CreatedOnToolsVersion = 8.0;
						DevelopmentTeam = 2B5T34AQK9;
						ProvisioningStyle = Automatic;
					};
					7DFFC2C3202EAA5500743466 = {
						CreatedOnToolsVersion = 8.0;
						DevelopmentTeam = 2B5T34AQK9;
						ProvisioningStyle = Automatic;
						TestTargetID = 7DFFC2AA202EAA5400743466;
					};
					7DFFC2CE202EAA5500743466 = {
						CreatedOnToolsVersion = 8.0;
						DevelopmentTeam = 2B5T34AQK9;
						ProvisioningStyle = Automatic;
						TestTargetID = 7DFFC2AA202EAA5400743466;
					};
				};
			};
			buildConfigurationList = 7DFFC2A6202EAA5400743466 /* Build configuration list for PBXProject "Gitcover" */;
			compatibilityVersion = "Xcode 3.2";
			developmentRegion = English;
			hasScannedForEncodings = 0;
			knownRegions = (
				en,
				Base,
			);
			mainGroup = 7DFFC2A2202EAA5400743466;
			productRefGroup = 7DFFC2AC202EAA5500743466 /* Products */;
			projectDirPath = "";
			projectRoot = "";
			targets = (
				7DFFC2AA202EAA5400743466 /* Gitcover */,
				7DFFC2C3202EAA5500743466 /* GitcoverTests */,
				7DFFC2CE202EAA5500743466 /* GitcoverUITests */,
			);
		};
/* End PBXProject section */

/* Begin PBXResourcesBuildPhase section */
		7DFFC2A9202EAA5400743466 /* Resources */ = {
			isa = PBXResourcesBuildPhase;
			buildActionMask = 2147483647;
			files = (
				7DFFC2BE202EAA5500743466 /* LaunchScreen.storyboard in Resources */,
				7DFFC2E6202EB8F300743466 /* PhotoViewController.xib in Resources */,
				7DFFC2BB202EAA5500743466 /* Assets.xcassets in Resources */,
				7DFFC2ED202EB97200743466 /* MineTableViewController.xib in Resources */,
				7DFFC2B9202EAA5500743466 /* Main.storyboard in Resources */,
			);
			runOnlyForDeploymentPostprocessing = 0;
		};
		7DFFC2C2202EAA5500743466 /* Resources */ = {
			isa = PBXResourcesBuildPhase;
			buildActionMask = 2147483647;
			files = (
			);
			runOnlyForDeploymentPostprocessing = 0;
		};
		7DFFC2CD202EAA5500743466 /* Resources */ = {
			isa = PBXResourcesBuildPhase;
			buildActionMask = 2147483647;
			files = (
			);
			runOnlyForDeploymentPostprocessing = 0;
		};
/* End PBXResourcesBuildPhase section */

/* Begin PBXSourcesBuildPhase section */
		7DFFC2A7202EAA5400743466 /* Sources */ = {
			isa = PBXSourcesBuildPhase;
			buildActionMask = 2147483647;
			files = (
				7DFFC2B6202EAA5500743466 /* ViewController.m in Sources */,
				7DFFC2E5202EB8F300743466 /* PhotoViewController.m in Sources */,
				7DFFC2EC202EB97200743466 /* MineTableViewController.m in Sources */,
				7DFFC2B3202EAA5500743466 /* AppDelegate.m in Sources */,
				7DFFC2B0202EAA5500743466 /* main.m in Sources */,
			);
			runOnlyForDeploymentPostprocessing = 0;
		};
		7DFFC2C0202EAA5500743466 /* Sources */ = {
			isa = PBXSourcesBuildPhase;
			buildActionMask = 2147483647;
			files = (
				7DFFC2C9202EAA5500743466 /* GitcoverTests.m in Sources */,
			);
			runOnlyForDeploymentPostprocessing = 0;
		};
		7DFFC2CB202EAA5500743466 /* Sources */ = {
			isa = PBXSourcesBuildPhase;
			buildActionMask = 2147483647;
			files = (
				7DFFC2D4202EAA5500743466 /* GitcoverUITests.m in Sources */,
			);
			runOnlyForDeploymentPostprocessing = 0;
		};
/* End PBXSourcesBuildPhase section */

/* Begin PBXTargetDependency section */
		7DFFC2C6202EAA5500743466 /* PBXTargetDependency */ = {
			isa = PBXTargetDependency;
			target = 7DFFC2AA202EAA5400743466 /* Gitcover */;
			targetProxy = 7DFFC2C5202EAA5500743466 /* PBXContainerItemProxy */;
		};
		7DFFC2D1202EAA5500743466 /* PBXTargetDependency */ = {
			isa = PBXTargetDependency;
			target = 7DFFC2AA202EAA5400743466 /* Gitcover */;
			targetProxy = 7DFFC2D0202EAA5500743466 /* PBXContainerItemProxy */;
		};
/* End PBXTargetDependency section */

/* Begin PBXVariantGroup section */
		7DFFC2B7202EAA5500743466 /* Main.storyboard */ = {
			isa = PBXVariantGroup;
			children = (
				7DFFC2B8202EAA5500743466 /* Base */,
			);
			name = Main.storyboard;
			sourceTree = "<group>";
		};
		7DFFC2BC202EAA5500743466 /* LaunchScreen.storyboard */ = {
			isa = PBXVariantGroup;
			children = (
				7DFFC2BD202EAA5500743466 /* Base */,
			);
			name = LaunchScreen.storyboard;
			sourceTree = "<group>";
		};
/* End PBXVariantGroup section */

/* Begin XCBuildConfiguration section */
		7DFFC2D6202EAA5500743466 /* Debug */ = {
			isa = XCBuildConfiguration;
			buildSettings = {
				ALWAYS_SEARCH_USER_PATHS = NO;
				CLANG_ANALYZER_NONNULL = YES;
				CLANG_CXX_LANGUAGE_STANDARD = "gnu++0x";
				CLANG_CXX_LIBRARY = "libc++";
				CLANG_ENABLE_MODULES = YES;
				CLANG_ENABLE_OBJC_ARC = YES;
				CLANG_WARN_BOOL_CONVERSION = YES;
				CLANG_WARN_CONSTANT_CONVERSION = YES;
				CLANG_WARN_DIRECT_OBJC_ISA_USAGE = YES_ERROR;
				CLANG_WARN_DOCUMENTATION_COMMENTS = YES;
				CLANG_WARN_EMPTY_BODY = YES;
				CLANG_WARN_ENUM_CONVERSION = YES;
				CLANG_WARN_INFINITE_RECURSION = YES;
				CLANG_WARN_INT_CONVERSION = YES;
				CLANG_WARN_OBJC_ROOT_CLASS = YES_ERROR;
				CLANG_WARN_SUSPICIOUS_MOVES = YES;
				CLANG_WARN_UNREACHABLE_CODE = YES;
				CLANG_WARN__DUPLICATE_METHOD_MATCH = YES;
				"CODE_SIGN_IDENTITY[sdk=iphoneos*]" = "iPhone Developer";
				COPY_PHASE_STRIP = NO;
				DEBUG_INFORMATION_FORMAT = dwarf;
				ENABLE_STRICT_OBJC_MSGSEND = YES;
				ENABLE_TESTABILITY = YES;
				GCC_C_LANGUAGE_STANDARD = gnu99;
				GCC_DYNAMIC_NO_PIC = NO;
				GCC_NO_COMMON_BLOCKS = YES;
				GCC_OPTIMIZATION_LEVEL = 0;
				GCC_PREPROCESSOR_DEFINITIONS = (
					"DEBUG=1",
					"$(inherited)",
				);
				GCC_WARN_64_TO_32_BIT_CONVERSION = YES;
				GCC_WARN_ABOUT_RETURN_TYPE = YES_ERROR;
				GCC_WARN_UNDECLARED_SELECTOR = YES;
				GCC_WARN_UNINITIALIZED_AUTOS = YES_AGGRESSIVE;
				GCC_WARN_UNUSED_FUNCTION = YES;
				GCC_WARN_UNUSED_VARIABLE = YES;
				IPHONEOS_DEPLOYMENT_TARGET = 10.0;
				MTL_ENABLE_DEBUG_INFO = YES;
				ONLY_ACTIVE_ARCH = YES;
				SDKROOT = iphoneos;
				TARGETED_DEVICE_FAMILY = "1,2";
			};
			name = Debug;
		};
		7DFFC2D7202EAA5500743466 /* Release */ = {
			isa = XCBuildConfiguration;
			buildSettings = {
				ALWAYS_SEARCH_USER_PATHS = NO;
				CLANG_ANALYZER_NONNULL = YES;
				CLANG_CXX_LANGUAGE_STANDARD = "gnu++0x";
				CLANG_CXX_LIBRARY = "libc++";
				CLANG_ENABLE_MODULES = YES;
				CLANG_ENABLE_OBJC_ARC = YES;
				CLANG_WARN_BOOL_CONVERSION = YES;
				CLANG_WARN_CONSTANT_CONVERSION = YES;
				CLANG_WARN_DIRECT_OBJC_ISA_USAGE = YES_ERROR;
				CLANG_WARN_DOCUMENTATION_COMMENTS = YES;
				CLANG_WARN_EMPTY_BODY = YES;
				CLANG_WARN_ENUM_CONVERSION = YES;
				CLANG_WARN_INFINITE_RECURSION = YES;
				CLANG_WARN_INT_CONVERSION = YES;
				CLANG_WARN_OBJC_ROOT_CLASS = YES_ERROR;
				CLANG_WARN_SUSPICIOUS_MOVES = YES;
				CLANG_WARN_UNREACHABLE_CODE = YES;
				CLANG_WARN__DUPLICATE_METHOD_MATCH = YES;
				"CODE_SIGN_IDENTITY[sdk=iphoneos*]" = "iPhone Developer";
				COPY_PHASE_STRIP = NO;
				DEBUG_INFORMATION_FORMAT = "dwarf-with-dsym";
				ENABLE_NS_ASSERTIONS = NO;
				ENABLE_STRICT_OBJC_MSGSEND = YES;
				GCC_C_LANGUAGE_STANDARD = gnu99;
				GCC_NO_COMMON_BLOCKS = YES;
				GCC_WARN_64_TO_32_BIT_CONVERSION = YES;
				GCC_WARN_ABOUT_RETURN_TYPE = YES_ERROR;
				GCC_WARN_UNDECLARED_SELECTOR = YES;
				GCC_WARN_UNINITIALIZED_AUTOS = YES_AGGRESSIVE;
				GCC_WARN_UNUSED_FUNCTION = YES;
				GCC_WARN_UNUSED_VARIABLE = YES;
				IPHONEOS_DEPLOYMENT_TARGET = 10.0;
				MTL_ENABLE_DEBUG_INFO = NO;
				SDKROOT = iphoneos;
				TARGETED_DEVICE_FAMILY = "1,2";
				VALIDATE_PRODUCT = YES;
			};
			name = Release;
		};
		7DFFC2D9202EAA5500743466 /* Debug */ = {
			isa = XCBuildConfiguration;
			buildSettings = {
				ASSETCATALOG_COMPILER_APPICON_NAME = AppIcon;
				DEVELOPMENT_TEAM = 2B5T34AQK9;
				INFOPLIST_FILE = Gitcover/Info.plist;
				LD_RUNPATH_SEARCH_PATHS = "$(inherited) @executable_path/Frameworks";
				PRODUCT_BUNDLE_IDENTIFIER = learn.Gitcover;
				PRODUCT_NAME = "$(TARGET_NAME)";
			};
			name = Debug;
		};
		7DFFC2DA202EAA5500743466 /* Release */ = {
			isa = XCBuildConfiguration;
			buildSettings = {
				ASSETCATALOG_COMPILER_APPICON_NAME = AppIcon;
				DEVELOPMENT_TEAM = 2B5T34AQK9;
				INFOPLIST_FILE = Gitcover/Info.plist;
				LD_RUNPATH_SEARCH_PATHS = "$(inherited) @executable_path/Frameworks";
				PRODUCT_BUNDLE_IDENTIFIER = learn.Gitcover;
				PRODUCT_NAME = "$(TARGET_NAME)";
			};
			name = Release;
		};
		7DFFC2DC202EAA5500743466 /* Debug */ = {
			isa = XCBuildConfiguration;
			buildSettings = {
				BUNDLE_LOADER = "$(TEST_HOST)";
				DEVELOPMENT_TEAM = 2B5T34AQK9;
				INFOPLIST_FILE = GitcoverTests/Info.plist;
				LD_RUNPATH_SEARCH_PATHS = "$(inherited) @executable_path/Frameworks @loader_path/Frameworks";
				PRODUCT_BUNDLE_IDENTIFIER = learn.GitcoverTests;
				PRODUCT_NAME = "$(TARGET_NAME)";
				TEST_HOST = "$(BUILT_PRODUCTS_DIR)/Gitcover.app/Gitcover";
			};
			name = Debug;
		};
		7DFFC2DD202EAA5500743466 /* Release */ = {
			isa = XCBuildConfiguration;
			buildSettings = {
				BUNDLE_LOADER = "$(TEST_HOST)";
				DEVELOPMENT_TEAM = 2B5T34AQK9;
				INFOPLIST_FILE = GitcoverTests/Info.plist;
				LD_RUNPATH_SEARCH_PATHS = "$(inherited) @executable_path/Frameworks @loader_path/Frameworks";
				PRODUCT_BUNDLE_IDENTIFIER = learn.GitcoverTests;
				PRODUCT_NAME = "$(TARGET_NAME)";
				TEST_HOST = "$(BUILT_PRODUCTS_DIR)/Gitcover.app/Gitcover";
			};
			name = Release;
		};
		7DFFC2DF202EAA5500743466 /* Debug */ = {
			isa = XCBuildConfiguration;
			buildSettings = {
				DEVELOPMENT_TEAM = 2B5T34AQK9;
				INFOPLIST_FILE = GitcoverUITests/Info.plist;
				LD_RUNPATH_SEARCH_PATHS = "$(inherited) @executable_path/Frameworks @loader_path/Frameworks";
				PRODUCT_BUNDLE_IDENTIFIER = learn.GitcoverUITests;
				PRODUCT_NAME = "$(TARGET_NAME)";
				TEST_TARGET_NAME = Gitcover;
			};
			name = Debug;
		};
		7DFFC2E0202EAA5500743466 /* Release */ = {
			isa = XCBuildConfiguration;
			buildSettings = {
				DEVELOPMENT_TEAM = 2B5T34AQK9;
				INFOPLIST_FILE = GitcoverUITests/Info.plist;
				LD_RUNPATH_SEARCH_PATHS = "$(inherited) @executable_path/Frameworks @loader_path/Frameworks";
				PRODUCT_BUNDLE_IDENTIFIER = learn.GitcoverUITests;
				PRODUCT_NAME = "$(TARGET_NAME)";
				TEST_TARGET_NAME = Gitcover;
			};
			name = Release;
		};
/* End XCBuildConfiguration section */

/* Begin XCConfigurationList section */
		7DFFC2A6202EAA5400743466 /* Build configuration list for PBXProject "Gitcover" */ = {
			isa = XCConfigurationList;
			buildConfigurations = (
				7DFFC2D6202EAA5500743466 /* Debug */,
				7DFFC2D7202EAA5500743466 /* Release */,
			);
			defaultConfigurationIsVisible = 0;
			defaultConfigurationName = Release;
		};
		7DFFC2D8202EAA5500743466 /* Build configuration list for PBXNativeTarget "Gitcover" */ = {
			isa = XCConfigurationList;
			buildConfigurations = (
				7DFFC2D9202EAA5500743466 /* Debug */,
				7DFFC2DA202EAA5500743466 /* Release */,
			);
			defaultConfigurationIsVisible = 0;
		};
		7DFFC2DB202EAA5500743466 /* Build configuration list for PBXNativeTarget "GitcoverTests" */ = {
			isa = XCConfigurationList;
			buildConfigurations = (
				7DFFC2DC202EAA5500743466 /* Debug */,
				7DFFC2DD202EAA5500743466 /* Release */,
			);
			defaultConfigurationIsVisible = 0;
		};
		7DFFC2DE202EAA5500743466 /* Build configuration list for PBXNativeTarget "GitcoverUITests" */ = {
			isa = XCConfigurationList;
			buildConfigurations = (
				7DFFC2DF202EAA5500743466 /* Debug */,
				7DFFC2E0202EAA5500743466 /* Release */,
			);
			defaultConfigurationIsVisible = 0;
		};
/* End XCConfigurationList section */
	};
	rootObject = 7DFFC2A3202EAA5400743466 /* Project object */;
}
